Microsoft Visual Studio Solution File, Format Version 12.00
# Visual Studio Version 17
VisualStudioVersion = 17.5.2.0
MinimumVisualStudioVersion = 10.0.40219.1
Project("{FAE04EC0-301F-11D3-BF4B-00C04F79EFBC}") = "pub-sub-pattern-poc", "pub-sub-pattern-poc\pub-sub-pattern-poc.csproj", "{52716DB6-534F-2FF7-8444-D213BC89E7EB}"
EndProject
Global
	GlobalSection(SolutionConfigurationPlatforms) = preSolution
		Debug|Any CPU = Debug|Any CPU
		Release|Any CPU = Release|Any CPU
	EndGlobalSection
	GlobalSection(ProjectConfigurationPlatforms) = postSolution
		{52716DB6-534F-2FF7-8444-D213BC89E7EB}.Debug|Any CPU.ActiveCfg = Debug|Any CPU
		{52716DB6-534F-2FF7-8444-D213BC89E7EB}.Debug|Any CPU.Build.0 = Debug|Any CPU
		{52716DB6-534F-2FF7-8444-D213BC89E7EB}.Release|Any CPU.ActiveCfg = Release|Any CPU
		{52716DB6-534F-2FF7-8444-D213BC89E7EB}.Release|Any CPU.Build.0 = Release|Any CPU
	EndGlobalSection
	GlobalSection(SolutionProperties) = preSolution
		HideSolutionNode = FALSE
	EndGlobalSection
	GlobalSection(ExtensibilityGlobals) = postSolution
		SolutionGuid = {3D83612B-685F-4EAA-812B-C694FFD8A413}
	EndGlobalSection
EndGlobal
